// !$*UTF8*$!
{
	archiveVersion = 1;
	classes = {
	};
	objectVersion = 46;
	objects = {

/* Begin PBXBuildFile section */
		870A7B951ADC23E500BDB89E /* BusTableViewController.swift in Sources */ = {isa = PBXBuildFile; fileRef = 870A7B941ADC23E500BDB89E /* BusTableViewController.swift */; };
		870A7B971ADC23F700BDB89E /* BusTableViewCell.swift in Sources */ = {isa = PBXBuildFile; fileRef = 870A7B961ADC23F700BDB89E /* BusTableViewCell.swift */; };
		870A7B9B1ADC353700BDB89E /* 1.jpg in Resources */ = {isa = PBXBuildFile; fileRef = 870A7B9A1ADC353700BDB89E /* 1.jpg */; };
		8737A4D91ADC1E5A00E8FF0C /* AppDelegate.swift in Sources */ = {isa = PBXBuildFile; fileRef = 8737A4D81ADC1E5A00E8FF0C /* AppDelegate.swift */; };
		8737A4E01ADC1E5A00E8FF0C /* Images.xcassets in Resources */ = {isa = PBXBuildFile; fileRef = 8737A4DF1ADC1E5A00E8FF0C /* Images.xcassets */; };
		8737A4E31ADC1E5A00E8FF0C /* LaunchScreen.xib in Resources */ = {isa = PBXBuildFile; fileRef = 8737A4E11ADC1E5A00E8FF0C /* LaunchScreen.xib */; };
		8737A4EF1ADC1E5B00E8FF0C /* BusTests.swift in Sources */ = {isa = PBXBuildFile; fileRef = 8737A4EE1ADC1E5B00E8FF0C /* BusTests.swift */; };
		87E168C71ADD9CB100AE37B6 /* BusDetailTableViewController.swift in Sources */ = {isa = PBXBuildFile; fileRef = 87E168C61ADD9CB100AE37B6 /* BusDetailTableViewController.swift */; };
		87E168C91ADD9E0000AE37B6 /* BusDetailTableViewCell.swift in Sources */ = {isa = PBXBuildFile; fileRef = 87E168C81ADD9E0000AE37B6 /* BusDetailTableViewCell.swift */; };
		87FA643A1ADDCFBB00DCCF68 /* BusScheduleTableViewController.swift in Sources */ = {isa = PBXBuildFile; fileRef = 87FA64391ADDCFBB00DCCF68 /* BusScheduleTableViewController.swift */; };
		87FA643C1ADDCFE100DCCF68 /* BusScheduleTableViewCell.swift in Sources */ = {isa = PBXBuildFile; fileRef = 87FA643B1ADDCFE100DCCF68 /* BusScheduleTableViewCell.swift */; };
		87FA643F1ADDD14C00DCCF68 /* Main.storyboard in Resources */ = {isa = PBXBuildFile; fileRef = 87FA643D1ADDD14C00DCCF68 /* Main.storyboard */; };
		87FA64451ADDD2A400DCCF68 /* BusStopsTableViewCell.swift in Sources */ = {isa = PBXBuildFile; fileRef = 87FA64441ADDD2A400DCCF68 /* BusStopsTableViewCell.swift */; };
		87FA64471ADDD2B400DCCF68 /* BusStopsTableViewController.swift in Sources */ = {isa = PBXBuildFile; fileRef = 87FA64461ADDD2B400DCCF68 /* BusStopsTableViewController.swift */; };
/* End PBXBuildFile section */

/* Begin PBXContainerItemProxy section */
		8737A4E91ADC1E5B00E8FF0C /* PBXContainerItemProxy */ = {
			isa = PBXContainerItemProxy;
			containerPortal = 8737A4CB1ADC1E5A00E8FF0C /* Project object */;
			proxyType = 1;
			remoteGlobalIDString = 8737A4D21ADC1E5A00E8FF0C;
			remoteInfo = Bus;
		};
/* End PBXContainerItemProxy section */

/* Begin PBXFileReference section */
		870A7B941ADC23E500BDB89E /* BusTableViewController.swift */ = {isa = PBXFileReference; fileEncoding = 4; lastKnownFileType = sourcecode.swift; path = BusTableViewController.swift; sourceTree = "<group>"; };
		870A7B961ADC23F700BDB89E /* BusTableViewCell.swift */ = {isa = PBXFileReference; fileEncoding = 4; lastKnownFileType = sourcecode.swift; path = BusTableViewCell.swift; sourceTree = "<group>"; };
		870A7B9A1ADC353700BDB89E /* 1.jpg */ = {isa = PBXFileReference; lastKnownFileType = image.jpeg; name = 1.jpg; path = ../../../../1.jpg; sourceTree = "<group>"; };
		8737A4D31ADC1E5A00E8FF0C /* Bus.app */ = {isa = PBXFileReference; explicitFileType = wrapper.application; includeInIndex = 0; path = Bus.app; sourceTree = BUILT_PRODUCTS_DIR; };
		8737A4D71ADC1E5A00E8FF0C /* Info.plist */ = {isa = PBXFileReference; lastKnownFileType = text.plist.xml; path = Info.plist; sourceTree = "<group>"; };
		8737A4D81ADC1E5A00E8FF0C /* AppDelegate.swift */ = {isa = PBXFileReference; lastKnownFileType = sourcecode.swift; path = AppDelegate.swift; sourceTree = "<group>"; };
		8737A4DF1ADC1E5A00E8FF0C /* Images.xcassets */ = {isa = PBXFileReference; lastKnownFileType = folder.assetcatalog; path = Images.xcassets; sourceTree = "<group>"; };
		8737A4E21ADC1E5A00E8FF0C /* Base */ = {isa = PBXFileReference; lastKnownFileType = file.xib; name = Base; path = Base.lproj/LaunchScreen.xib; sourceTree = "<group>"; };
		8737A4E81ADC1E5B00E8FF0C /* BusTests.xctest */ = {isa = PBXFileReference; explicitFileType = wrapper.cfbundle; includeInIndex = 0; path = BusTests.xctest; sourceTree = BUILT_PRODUCTS_DIR; };
		8737A4ED1ADC1E5B00E8FF0C /* Info.plist */ = {isa = PBXFileReference; lastKnownFileType = text.plist.xml; path = Info.plist; sourceTree = "<group>"; };
		8737A4EE1ADC1E5B00E8FF0C /* BusTests.swift */ = {isa = PBXFileReference; lastKnownFileType = sourcecode.swift; path = BusTests.swift; sourceTree = "<group>"; };
		87E168C61ADD9CB100AE37B6 /* BusDetailTableViewController.swift */ = {isa = PBXFileReference; fileEncoding = 4; lastKnownFileType = sourcecode.swift; path = BusDetailTableViewController.swift; sourceTree = "<group>"; };
		87E168C81ADD9E0000AE37B6 /* BusDetailTableViewCell.swift */ = {isa = PBXFileReference; fileEncoding = 4; lastKnownFileType = sourcecode.swift; path = BusDetailTableViewCell.swift; sourceTree = "<group>"; };
		87FA64391ADDCFBB00DCCF68 /* BusScheduleTableViewController.swift */ = {isa = PBXFileReference; fileEncoding = 4; lastKnownFileType = sourcecode.swift; path = BusScheduleTableViewController.swift; sourceTree = "<group>"; };
		87FA643B1ADDCFE100DCCF68 /* BusScheduleTableViewCell.swift */ = {isa = PBXFileReference; fileEncoding = 4; lastKnownFileType = sourcecode.swift; path = BusScheduleTableViewCell.swift; sourceTree = "<group>"; };
		87FA643E1ADDD14C00DCCF68 /* Base */ = {isa = PBXFileReference; lastKnownFileType = file.storyboard; name = Base; path = Base.lproj/Main.storyboard; sourceTree = "<group>"; };
		87FA64441ADDD2A400DCCF68 /* BusStopsTableViewCell.swift */ = {isa = PBXFileReference; fileEncoding = 4; lastKnownFileType = sourcecode.swift; path = BusStopsTableViewCell.swift; sourceTree = "<group>"; };
		87FA64461ADDD2B400DCCF68 /* BusStopsTableViewController.swift */ = {isa = PBXFileReference; fileEncoding = 4; lastKnownFileType = sourcecode.swift; path = BusStopsTableViewController.swift; sourceTree = "<group>"; };
/* End PBXFileReference section */

/* Begin PBXFrameworksBuildPhase section */
		8737A4D01ADC1E5A00E8FF0C /* Frameworks */ = {
			isa = PBXFrameworksBuildPhase;
			buildActionMask = 2147483647;
			files = (
			);
			runOnlyForDeploymentPostprocessing = 0;
		};
		8737A4E51ADC1E5B00E8FF0C /* Frameworks */ = {
			isa = PBXFrameworksBuildPhase;
			buildActionMask = 2147483647;
			files = (
			);
			runOnlyForDeploymentPostprocessing = 0;
		};
/* End PBXFrameworksBuildPhase section */

/* Begin PBXGroup section */
		8737A4CA1ADC1E5A00E8FF0C = {
			isa = PBXGroup;
			children = (
				87FA643B1ADDCFE100DCCF68 /* BusScheduleTableViewCell.swift */,
				87FA64391ADDCFBB00DCCF68 /* BusScheduleTableViewController.swift */,
				87FA64441ADDD2A400DCCF68 /* BusStopsTableViewCell.swift */,
				87FA64461ADDD2B400DCCF68 /* BusStopsTableViewController.swift */,
				87E168C81ADD9E0000AE37B6 /* BusDetailTableViewCell.swift */,
				87E168C61ADD9CB100AE37B6 /* BusDetailTableViewController.swift */,
				870A7B961ADC23F700BDB89E /* BusTableViewCell.swift */,
				870A7B941ADC23E500BDB89E /* BusTableViewController.swift */,
				8737A4D51ADC1E5A00E8FF0C /* Bus */,
				8737A4EB1ADC1E5B00E8FF0C /* BusTests */,
				8737A4D41ADC1E5A00E8FF0C /* Products */,
			);
			sourceTree = "<group>";
		};
		8737A4D41ADC1E5A00E8FF0C /* Products */ = {
			isa = PBXGroup;
			children = (
				8737A4D31ADC1E5A00E8FF0C /* Bus.app */,
				8737A4E81ADC1E5B00E8FF0C /* BusTests.xctest */,
			);
			name = Products;
			sourceTree = "<group>";
		};
		8737A4D51ADC1E5A00E8FF0C /* Bus */ = {
			isa = PBXGroup;
			children = (
				8737A4D81ADC1E5A00E8FF0C /* AppDelegate.swift */,
				8737A4DF1ADC1E5A00E8FF0C /* Images.xcassets */,
				8737A4E11ADC1E5A00E8FF0C /* LaunchScreen.xib */,
				87FA643D1ADDD14C00DCCF68 /* Main.storyboard */,
				8737A4D61ADC1E5A00E8FF0C /* Supporting Files */,
			);
			path = Bus;
			sourceTree = "<group>";
		};
		8737A4D61ADC1E5A00E8FF0C /* Supporting Files */ = {
			isa = PBXGroup;
			children = (
				870A7B9A1ADC353700BDB89E /* 1.jpg */,
				8737A4D71ADC1E5A00E8FF0C /* Info.plist */,
			);
			name = "Supporting Files";
			sourceTree = "<group>";
		};
		8737A4EB1ADC1E5B00E8FF0C /* BusTests */ = {
			isa = PBXGroup;
			children = (
				8737A4EE1ADC1E5B00E8FF0C /* BusTests.swift */,
				8737A4EC1ADC1E5B00E8FF0C /* Supporting Files */,
			);
			path = BusTests;
			sourceTree = "<group>";
		};
		8737A4EC1ADC1E5B00E8FF0C /* Supporting Files */ = {
			isa = PBXGroup;
			children = (
				8737A4ED1ADC1E5B00E8FF0C /* Info.plist */,
			);
			name = "Supporting Files";
			sourceTree = "<group>";
		};
/* End PBXGroup section */

/* Begin PBXNativeTarget section */
		8737A4D21ADC1E5A00E8FF0C /* Bus */ = {
			isa = PBXNativeTarget;
			buildConfigurationList = 8737A4F21ADC1E5B00E8FF0C /* Build configuration list for PBXNativeTarget "Bus" */;
			buildPhases = (
				8737A4CF1ADC1E5A00E8FF0C /* Sources */,
				8737A4D01ADC1E5A00E8FF0C /* Frameworks */,
				8737A4D11ADC1E5A00E8FF0C /* Resources */,
			);
			buildRules = (
			);
			dependencies = (
			);
			name = Bus;
			productName = Bus;
			productReference = 8737A4D31ADC1E5A00E8FF0C /* Bus.app */;
			productType = "com.apple.product-type.application";
		};
		8737A4E71ADC1E5B00E8FF0C /* BusTests */ = {
			isa = PBXNativeTarget;
			buildConfigurationList = 8737A4F51ADC1E5B00E8FF0C /* Build configuration list for PBXNativeTarget "BusTests" */;
			buildPhases = (
				8737A4E41ADC1E5B00E8FF0C /* Sources */,
				8737A4E51ADC1E5B00E8FF0C /* Frameworks */,
				8737A4E61ADC1E5B00E8FF0C /* Resources */,
			);
			buildRules = (
			);
			dependencies = (
				8737A4EA1ADC1E5B00E8FF0C /* PBXTargetDependency */,
			);
			name = BusTests;
			productName = BusTests;
			productReference = 8737A4E81ADC1E5B00E8FF0C /* BusTests.xctest */;
			productType = "com.apple.product-type.bundle.unit-test";
		};
/* End PBXNativeTarget section */

/* Begin PBXProject section */
		8737A4CB1ADC1E5A00E8FF0C /* Project object */ = {
			isa = PBXProject;
			attributes = {
				LastUpgradeCheck = 0630;
				ORGANIZATIONNAME = "Davide Spadini";
				TargetAttributes = {
					8737A4D21ADC1E5A00E8FF0C = {
						CreatedOnToolsVersion = 6.3;
					};
					8737A4E71ADC1E5B00E8FF0C = {
						CreatedOnToolsVersion = 6.3;
						TestTargetID = 8737A4D21ADC1E5A00E8FF0C;
					};
				};
			};
			buildConfigurationList = 8737A4CE1ADC1E5A00E8FF0C /* Build configuration list for PBXProject "Bus" */;
			compatibilityVersion = "Xcode 3.2";
			developmentRegion = English;
			hasScannedForEncodings = 0;
			knownRegions = (
				en,
				Base,
			);
			mainGroup = 8737A4CA1ADC1E5A00E8FF0C;
			productRefGroup = 8737A4D41ADC1E5A00E8FF0C /* Products */;
			projectDirPath = "";
			projectRoot = "";
			targets = (
				8737A4D21ADC1E5A00E8FF0C /* Bus */,
				8737A4E71ADC1E5B00E8FF0C /* BusTests */,
			);
		};
/* End PBXProject section */

/* Begin PBXResourcesBuildPhase section */
		8737A4D11ADC1E5A00E8FF0C /* Resources */ = {
			isa = PBXResourcesBuildPhase;
			buildActionMask = 2147483647;
			files = (
				870A7B9B1ADC353700BDB89E /* 1.jpg in Resources */,
				8737A4E31ADC1E5A00E8FF0C /* LaunchScreen.xib in Resources */,
				8737A4E01ADC1E5A00E8FF0C /* Images.xcassets in Resources */,
				87FA643F1ADDD14C00DCCF68 /* Main.storyboard in Resources */,
			);
			runOnlyForDeploymentPostprocessing = 0;
		};
		8737A4E61ADC1E5B00E8FF0C /* Resources */ = {
			isa = PBXResourcesBuildPhase;
			buildActionMask = 2147483647;
			files = (
			);
			runOnlyForDeploymentPostprocessing = 0;
		};
/* End PBXResourcesBuildPhase section */

/* Begin PBXSourcesBuildPhase section */
		8737A4CF1ADC1E5A00E8FF0C /* Sources */ = {
			isa = PBXSourcesBuildPhase;
			buildActionMask = 2147483647;
			files = (
				870A7B971ADC23F700BDB89E /* BusTableViewCell.swift in Sources */,
				87FA643C1ADDCFE100DCCF68 /* BusScheduleTableViewCell.swift in Sources */,
				87FA643A1ADDCFBB00DCCF68 /* BusScheduleTableViewController.swift in Sources */,
				87E168C91ADD9E0000AE37B6 /* BusDetailTableViewCell.swift in Sources */,
				87FA64451ADDD2A400DCCF68 /* BusStopsTableViewCell.swift in Sources */,
				87E168C71ADD9CB100AE37B6 /* BusDetailTableViewController.swift in Sources */,
				870A7B951ADC23E500BDB89E /* BusTableViewController.swift in Sources */,
				8737A4D91ADC1E5A00E8FF0C /* AppDelegate.swift in Sources */,
				87FA64471ADDD2B400DCCF68 /* BusStopsTableViewController.swift in Sources */,
			);
			runOnlyForDeploymentPostprocessing = 0;
		};
		8737A4E41ADC1E5B00E8FF0C /* Sources */ = {
			isa = PBXSourcesBuildPhase;
			buildActionMask = 2147483647;
			files = (
				8737A4EF1ADC1E5B00E8FF0C /* BusTests.swift in Sources */,
			);
			runOnlyForDeploymentPostprocessing = 0;
		};
/* End PBXSourcesBuildPhase section */

/* Begin PBXTargetDependency section */
		8737A4EA1ADC1E5B00E8FF0C /* PBXTargetDependency */ = {
			isa = PBXTargetDependency;
			target = 8737A4D21ADC1E5A00E8FF0C /* Bus */;
			targetProxy = 8737A4E91ADC1E5B00E8FF0C /* PBXContainerItemProxy */;
		};
/* End PBXTargetDependency section */

/* Begin PBXVariantGroup section */
		8737A4E11ADC1E5A00E8FF0C /* LaunchScreen.xib */ = {
			isa = PBXVariantGroup;
			children = (
				8737A4E21ADC1E5A00E8FF0C /* Base */,
			);
			name = LaunchScreen.xib;
			sourceTree = "<group>";
		};
		87FA643D1ADDD14C00DCCF68 /* Main.storyboard */ = {
			isa = PBXVariantGroup;
			children = (
				87FA643E1ADDD14C00DCCF68 /* Base */,
			);
			name = Main.storyboard;
			sourceTree = "<group>";
		};
/* End PBXVariantGroup section */

/* Begin XCBuildConfiguration section */
		8737A4F01ADC1E5B00E8FF0C /* Debug */ = {
			isa = XCBuildConfiguration;
			buildSettings = {
				ALWAYS_SEARCH_USER_PATHS = NO;
				CLANG_CXX_LANGUAGE_STANDARD = "gnu++0x";
				CLANG_CXX_LIBRARY = "libc++";
				CLANG_ENABLE_MODULES = YES;
				CLANG_ENABLE_OBJC_ARC = YES;
				CLANG_WARN_BOOL_CONVERSION = YES;
				CLANG_WARN_CONSTANT_CONVERSION = YES;
				CLANG_WARN_DIRECT_OBJC_ISA_USAGE = YES_ERROR;
				CLANG_WARN_EMPTY_BODY = YES;
				CLANG_WARN_ENUM_CONVERSION = YES;
				CLANG_WARN_INT_CONVERSION = YES;
				CLANG_WARN_OBJC_ROOT_CLASS = YES_ERROR;
				CLANG_WARN_UNREACHABLE_CODE = YES;
				CLANG_WARN__DUPLICATE_METHOD_MATCH = YES;
				"CODE_SIGN_IDENTITY[sdk=iphoneos*]" = "iPhone Developer";
				COPY_PHASE_STRIP = NO;
				DEBUG_INFORMATION_FORMAT = "dwarf-with-dsym";
				ENABLE_STRICT_OBJC_MSGSEND = YES;
				GCC_C_LANGUAGE_STANDARD = gnu99;
				GCC_DYNAMIC_NO_PIC = NO;
				GCC_NO_COMMON_BLOCKS = YES;
				GCC_OPTIMIZATION_LEVEL = 0;
				GCC_PREPROCESSOR_DEFINITIONS = (
					"DEBUG=1",
					"$(inherited)",
				);
				GCC_SYMBOLS_PRIVATE_EXTERN = NO;
				GCC_WARN_64_TO_32_BIT_CONVERSION = YES;
				GCC_WARN_ABOUT_RETURN_TYPE = YES_ERROR;
				GCC_WARN_UNDECLARED_SELECTOR = YES;
				GCC_WARN_UNINITIALIZED_AUTOS = YES_AGGRESSIVE;
				GCC_WARN_UNUSED_FUNCTION = YES;
				GCC_WARN_UNUSED_VARIABLE = YES;
				IPHONEOS_DEPLOYMENT_TARGET = 8.3;
				MTL_ENABLE_DEBUG_INFO = YES;
				ONLY_ACTIVE_ARCH = YES;
				SDKROOT = iphoneos;
				SWIFT_OPTIMIZATION_LEVEL = "-Onone";
				TARGETED_DEVICE_FAMILY = "1,2";
			};
			name = Debug;
		};
		8737A4F11ADC1E5B00E8FF0C /* Release */ = {
			isa = XCBuildConfiguration;
			buildSettings = {
				ALWAYS_SEARCH_USER_PATHS = NO;
				CLANG_CXX_LANGUAGE_STANDARD = "gnu++0x";
				CLANG_CXX_LIBRARY = "libc++";
				CLANG_ENABLE_MODULES = YES;
				CLANG_ENABLE_OBJC_ARC = YES;
				CLANG_WARN_BOOL_CONVERSION = YES;
				CLANG_WARN_CONSTANT_CONVERSION = YES;
				CLANG_WARN_DIRECT_OBJC_ISA_USAGE = YES_ERROR;
				CLANG_WARN_EMPTY_BODY = YES;
				CLANG_WARN_ENUM_CONVERSION = YES;
				CLANG_WARN_INT_CONVERSION = YES;
				CLANG_WARN_OBJC_ROOT_CLASS = YES_ERROR;
				CLANG_WARN_UNREACHABLE_CODE = YES;
				CLANG_WARN__DUPLICATE_METHOD_MATCH = YES;
				"CODE_SIGN_IDENTITY[sdk=iphoneos*]" = "iPhone Developer";
				COPY_PHASE_STRIP = NO;
				DEBUG_INFORMATION_FORMAT = "dwarf-with-dsym";
				ENABLE_NS_ASSERTIONS = NO;
				ENABLE_STRICT_OBJC_MSGSEND = YES;
				GCC_C_LANGUAGE_STANDARD = gnu99;
				GCC_NO_COMMON_BLOCKS = YES;
				GCC_WARN_64_TO_32_BIT_CONVERSION = YES;
				GCC_WARN_ABOUT_RETURN_TYPE = YES_ERROR;
				GCC_WARN_UNDECLARED_SELECTOR = YES;
				GCC_WARN_UNINITIALIZED_AUTOS = YES_AGGRESSIVE;
				GCC_WARN_UNUSED_FUNCTION = YES;
				GCC_WARN_UNUSED_VARIABLE = YES;
				IPHONEOS_DEPLOYMENT_TARGET = 8.3;
				MTL_ENABLE_DEBUG_INFO = NO;
				SDKROOT = iphoneos;
				TARGETED_DEVICE_FAMILY = "1,2";
				VALIDATE_PRODUCT = YES;
			};
			name = Release;
		};
		8737A4F31ADC1E5B00E8FF0C /* Debug */ = {
			isa = XCBuildConfiguration;
			buildSettings = {
				ASSETCATALOG_COMPILER_APPICON_NAME = AppIcon;
				INFOPLIST_FILE = Bus/Info.plist;
				LD_RUNPATH_SEARCH_PATHS = "$(inherited) @executable_path/Frameworks";
				PRODUCT_NAME = "$(TARGET_NAME)";
			};
			name = Debug;
		};
		8737A4F41ADC1E5B00E8FF0C /* Release */ = {
			isa = XCBuildConfiguration;
			buildSettings = {
				ASSETCATALOG_COMPILER_APPICON_NAME = AppIcon;
				INFOPLIST_FILE = Bus/Info.plist;
				LD_RUNPATH_SEARCH_PATHS = "$(inherited) @executable_path/Frameworks";
				PRODUCT_NAME = "$(TARGET_NAME)";
			};
			name = Release;
		};
		8737A4F61ADC1E5B00E8FF0C /* Debug */ = {
			isa = XCBuildConfiguration;
			buildSettings = {
				BUNDLE_LOADER = "$(TEST_HOST)";
				FRAMEWORK_SEARCH_PATHS = (
					"$(SDKROOT)/Developer/Library/Frameworks",
					"$(inherited)",
				);
				GCC_PREPROCESSOR_DEFINITIONS = (
					"DEBUG=1",
					"$(inherited)",
				);
				INFOPLIST_FILE = BusTests/Info.plist;
				LD_RUNPATH_SEARCH_PATHS = "$(inherited) @executable_path/Frameworks @loader_path/Frameworks";
				PRODUCT_NAME = "$(TARGET_NAME)";
				TEST_HOST = "$(BUILT_PRODUCTS_DIR)/Bus.app/Bus";
			};
			name = Debug;
		};
		8737A4F71ADC1E5B00E8FF0C /* Release */ = {
			isa = XCBuildConfiguration;
			buildSettings = {
				BUNDLE_LOADER = "$(TEST_HOST)";
				FRAMEWORK_SEARCH_PATHS = (
					"$(SDKROOT)/Developer/Library/Frameworks",
					"$(inherited)",
				);
				INFOPLIST_FILE = BusTests/Info.plist;
				LD_RUNPATH_SEARCH_PATHS = "$(inherited) @executable_path/Frameworks @loader_path/Frameworks";
				PRODUCT_NAME = "$(TARGET_NAME)";
				TEST_HOST = "$(BUILT_PRODUCTS_DIR)/Bus.app/Bus";
			};
			name = Release;
		};
/* End XCBuildConfiguration section */

/* Begin XCConfigurationList section */
		8737A4CE1ADC1E5A00E8FF0C /* Build configuration list for PBXProject "Bus" */ = {
			isa = XCConfigurationList;
			buildConfigurations = (
				8737A4F01ADC1E5B00E8FF0C /* Debug */,
				8737A4F11ADC1E5B00E8FF0C /* Release */,
			);
			defaultConfigurationIsVisible = 0;
			defaultConfigurationName = Release;
		};
		8737A4F21ADC1E5B00E8FF0C /* Build configuration list for PBXNativeTarget "Bus" */ = {
			isa = XCConfigurationList;
			buildConfigurations = (
				8737A4F31ADC1E5B00E8FF0C /* Debug */,
				8737A4F41ADC1E5B00E8FF0C /* Release */,
			);
			defaultConfigurationIsVisible = 0;
			defaultConfigurationName = Release;
		};
		8737A4F51ADC1E5B00E8FF0C /* Build configuration list for PBXNativeTarget "BusTests" */ = {
			isa = XCConfigurationList;
			buildConfigurations = (
				8737A4F61ADC1E5B00E8FF0C /* Debug */,
				8737A4F71ADC1E5B00E8FF0C /* Release */,
			);
			defaultConfigurationIsVisible = 0;
			defaultConfigurationName = Release;
		};
/* End XCConfigurationList section */
	};
	rootObject = 8737A4CB1ADC1E5A00E8FF0C /* Project object */;
}
